
Microsoft Visual Studio Solution File, Format Version 12.00
# Visual Studio Version 17
VisualStudioVersion = 17.10.35027.167
MinimumVisualStudioVersion = 10.0.40219.1
Project("{9A19103F-16F7-4668-BE54-9A1E7A4F7556}") = "FormLogin", "FormLogin\FormLogin.csproj", "{6B4DF4D3-3CA4-4BDE-BEA8-4E0A4DDDA1EE}"
EndProject
Project("{FAE04EC0-301F-11D3-BF4B-00C04F79EFBC}") = "LKSMart", "Dashboard\LKSMart.csproj", "{10D4DE5F-21C5-48AA-8088-92989CED7F0D}"
EndProject
Global
	GlobalSection(SolutionConfigurationPlatforms) = preSolution
		Debug|Any CPU = Debug|Any CPU
		Release|Any CPU = Release|Any CPU
	EndGlobalSection
	GlobalSection(ProjectConfigurationPlatforms) = postSolution
		{6B4DF4D3-3CA4-4BDE-BEA8-4E0A4DDDA1EE}.Debug|Any CPU.ActiveCfg = Debug|Any CPU
		{6B4DF4D3-3CA4-4BDE-BEA8-4E0A4DDDA1EE}.Debug|Any CPU.Build.0 = Debug|Any CPU
		{6B4DF4D3-3CA4-4BDE-BEA8-4E0A4DDDA1EE}.Release|Any CPU.ActiveCfg = Release|Any CPU
		{6B4DF4D3-3CA4-4BDE-BEA8-4E0A4DDDA1EE}.Release|Any CPU.Build.0 = Release|Any CPU
		{10D4DE5F-21C5-48AA-8088-92989CED7F0D}.Debug|Any CPU.ActiveCfg = Debug|Any CPU
		{10D4DE5F-21C5-48AA-8088-92989CED7F0D}.Debug|Any CPU.Build.0 = Debug|Any CPU
		{10D4DE5F-21C5-48AA-8088-92989CED7F0D}.Release|Any CPU.ActiveCfg = Release|Any CPU
		{10D4DE5F-21C5-48AA-8088-92989CED7F0D}.Release|Any CPU.Build.0 = Release|Any CPU
	EndGlobalSection
	GlobalSection(SolutionProperties) = preSolution
		HideSolutionNode = FALSE
	EndGlobalSection
	GlobalSection(ExtensibilityGlobals) = postSolution
		SolutionGuid = {E496DB9D-308A-4CB9-97AF-1BF14E237E82}
	EndGlobalSection
EndGlobal
